# Generated by buf. DO NOT EDIT.
version: v2
deps:
  - name: buf.build/bufbuild/protovalidate
    commit: a6c49f84cc0f4e038680d390392e2ab0
    digest: b5:e968392e88ff7915adcbd1635d670b45bff8836ec2415d81fc559ca5470a695dbdc30030bad8bc5764647c731079e9e7bba0023ea25c4e4a1672a7d2561d4a19
  - name: buf.build/googleapis/googleapis
    commit: 8bc2c51e08c447cd8886cdea48a73e14
    digest: b5:b7e0ac9d192bd0eae88160101269550281448c51f25121cd0d51957661a350aab07001bc145fe9029a8da10b99ff000ae5b284ecaca9c75f2a99604a04d9b4ab
  - name: buf.build/pentops/auth
    commit: 7d9d1124114643ad9f6dfbdcd6a3d8ce
    digest: b5:870ce65e241f9711c9dd0b224ef8d9db0eb14bedc51673257da17f7dd92c8a648cdfc48a0efff99228b86d89375a457a555f941b1c7e1f77e0968c986d63d25a
  - name: buf.build/pentops/j5
    commit: fd6a75e4ec2048158bf1810c8dc58dd8
    digest: b5:846efce9e105773d83c41e34d96edab098cf792e5de313b46e7d01f25da3dee2a9b1e12bdc242de31aa0cd862718de7a693e329c8ddf659ab68bd254204401a0
  - name: buf.build/pentops/messaging
    commit: 675bd3c4763842e0bdef1047f7ab7225
    digest: b5:629df4339e90ae70da7741d49f58064c3764cfce3bc397c0d9105541b7777a1614e6aca32b109e833347bebe286925aefb6279e59d846eeaa66017312aa4054a
  - name: buf.build/pentops/protostate
    commit: d8f53aa4942144b690b93b9afd4b7a2b
    digest: b5:79e9cc8bef1dd39dda7b6c0f99426e189960a1856fa90a3864827dab0edf25208aae227b57e83e030ec287910a10fe386c4ef66e730ac387432c42ea7e9e6c0c
