# Generated by buf. DO NOT EDIT.
version: v2
deps:
  - name: buf.build/bufbuild/protovalidate
    commit: a6c49f84cc0f4e038680d390392e2ab0
    digest: b5:e968392e88ff7915adcbd1635d670b45bff8836ec2415d81fc559ca5470a695dbdc30030bad8bc5764647c731079e9e7bba0023ea25c4e4a1672a7d2561d4a19
  - name: buf.build/googleapis/googleapis
    commit: 2bbd25900cb34c79bae97d85c948d3cf
    digest: b5:3a12d858b0efcf53739b0fe6b4f83ccef246a0a26d257dc50a7d0d0794be3b6df941cf7e1dbf92f81c25ae60806132bf37b1af76a9311be8905f5da52c6a5f66
  - name: buf.build/pentops/auth
    commit: 7d9d1124114643ad9f6dfbdcd6a3d8ce
    digest: b5:870ce65e241f9711c9dd0b224ef8d9db0eb14bedc51673257da17f7dd92c8a648cdfc48a0efff99228b86d89375a457a555f941b1c7e1f77e0968c986d63d25a
  - name: buf.build/pentops/j5
    commit: e59659486f6e4a0f8bc4bbbc09891ec4
    digest: b5:6a3f0a877db5f52c6e82d3e0e0ee00844ab63d800c0f8314d87b8182fb9630fd9bcb4252ea0419267240851f2f5ccb7051d971a40b98812b983db9cf160a1304
  - name: buf.build/pentops/listify
    commit: e55386703ee44dfbb774e997db21da03
    digest: b5:b27766c492a771761e3209ba0f607164bfb1c0f3b785e122d4b55477051273cb6c6dd75ba0990a9c3433385add99aac84dba483d87becc688c016216dcd0c4ee
  - name: buf.build/pentops/messaging
    commit: 675bd3c4763842e0bdef1047f7ab7225
    digest: b5:629df4339e90ae70da7741d49f58064c3764cfce3bc397c0d9105541b7777a1614e6aca32b109e833347bebe286925aefb6279e59d846eeaa66017312aa4054a
  - name: buf.build/pentops/protostate
    commit: 8e41cf05ef4b4493a7c87001e91b0a47
    digest: b5:1b07a9530efd8896a5c20c5390da44389f7d47b34bed8415c5a08263f3aec34eb216a0732e57e88e74569f41c37011286adcce6c960d9a1d1360c55bc3a081f1
