inputs:
    - name: buf/bufbuild/protovalidate
      version: a6c49f84cc0f4e038680d390392e2ab0
    - name: buf/googleapis/googleapis
      version: 8bc2c51e08c447cd8886cdea48a73e14
    - name: registry/pentops/j5
      version: e7886631f00437cc333221bea29f0a30fe1109ce
    - name: registry/pentops/messaging
      version: c77f99413b9ea8f9ff13768d77c8477790615160
