inputs:
    - name: buf/bufbuild/protovalidate
      version: a6c49f84cc0f4e038680d390392e2ab0
    - name: buf/googleapis/googleapis
      version: 8bc2c51e08c447cd8886cdea48a73e14
    - name: registry/pentops/j5
      version: 0d9578f35b6713e70a56bdf07f3608899f71473e
    - name: registry/pentops/messaging
      version: 43c84e3c90c8b3bdb969a7c4a8760ff11ecd1b13
