# Generated by buf. DO NOT EDIT.
version: v1
deps:
  - remote: buf.build
    owner: bufbuild
    repository: protovalidate
    commit: 46a4cf4ba1094a34bcd89a6c67163b4b
    digest: shake256:436ce453801917c11bc7b21d66bcfae87da2aceb804a041487be1e51dc9fbc219e61ea6a552db7a7aa6d63bb5efd0f3ed5fe3d4c42d4f750d0eb35f14144e3b6
  - remote: buf.build
    owner: googleapis
    repository: googleapis
    commit: f0e53af8f2fc4556b94f482688b57223
    digest: shake256:de26a277fc28b8b411ecf58729d78d32fcf15090ffd998a4469225b17889bfb51442eaab04bb7a8d88d203ecdf0a9febd4ffd52c18ed1c2229160c7bd353ca95
  - remote: buf.build
    owner: pentops
    repository: j5
    commit: 380df6a8bac6442caa37cb24014ccc20
    digest: shake256:7a3898d3c74868244b35d3cb4ea37e87264310c026617abe8d5dbf5e440feaf65d2984f722e1721d4f6352fcdfa30e351bb8718f6aea3d32cc3d818f9cdec799
  - remote: buf.build
    owner: pentops
    repository: listify
    commit: 88fbd382a3e34ecfb80f8e35c19126c3
    digest: shake256:832cd76e75747f5a073a97d50f6562fe2fd7e96f5fbd4950b5291d623da486409aabf2a09e06c1d26df1692f0301b40b880cbf800dd7ba7f794c764bd53aa15d
  - remote: buf.build
    owner: pentops
    repository: o5
    commit: 14c23bfd207f4c9bb9327693531f020f
    digest: shake256:e32c09ad3d32cfbc843fe8fb0b5b004a609baf7ea7d58757e99055c7c58bc27689e675d9b6a7b62e2f66ab51221efb09d016e1d62490a3058d6f84deb33a503c
  - remote: buf.build
    owner: pentops
    repository: protostate
    commit: 4a3eb18b74eb48b282a4364d29e9bcf1
    digest: shake256:29b277001bf1d63e8bfdc41b328a6417d4b057a92c26c8b458d484b5a6e7b34675671dcad21d4e325c1ee1d0297293224227d0710acd729247b761b6ec5e62cd
